
Microsoft Visual Studio Solution File, Format Version 12.00
# Visual Studio Version 17
VisualStudioVersion = 17.9.34701.34
MinimumVisualStudioVersion = 10.0.40219.1
Project("{FAE04EC0-301F-11D3-BF4B-00C04F79EFBC}") = "tpmodul8_1302223040", "tpmodul8_1302223040\tpmodul8_1302223040.csproj", "{CE31386B-ED2B-4BEC-84C7-7B18632200C5}"
EndProject
Global
	GlobalSection(SolutionConfigurationPlatforms) = preSolution
		Debug|Any CPU = Debug|Any CPU
		Release|Any CPU = Release|Any CPU
	EndGlobalSection
	GlobalSection(ProjectConfigurationPlatforms) = postSolution
		{CE31386B-ED2B-4BEC-84C7-7B18632200C5}.Debug|Any CPU.ActiveCfg = Debug|Any CPU
		{CE31386B-ED2B-4BEC-84C7-7B18632200C5}.Debug|Any CPU.Build.0 = Debug|Any CPU
		{CE31386B-ED2B-4BEC-84C7-7B18632200C5}.Release|Any CPU.ActiveCfg = Release|Any CPU
		{CE31386B-ED2B-4BEC-84C7-7B18632200C5}.Release|Any CPU.Build.0 = Release|Any CPU
	EndGlobalSection
	GlobalSection(SolutionProperties) = preSolution
		HideSolutionNode = FALSE
	EndGlobalSection
	GlobalSection(ExtensibilityGlobals) = postSolution
		SolutionGuid = {BF001BC7-696E-433F-A4F9-B6173D62B2AE}
	EndGlobalSection
EndGlobal
